
Microsoft Visual Studio Solution File, Format Version 12.00
# Visual Studio 15
VisualStudioVersion = 15.0.28307.136
MinimumVisualStudioVersion = 10.0.40219.1
Project("{2150E333-8FDC-42A3-9474-1A3956D46DE8}") = "0 Cross-Cutting", "0 Cross-Cutting", "{CC160BF7-C533-4F6C-83DD-713FFE389D06}"
EndProject
Project("{2150E333-8FDC-42A3-9474-1A3956D46DE8}") = "2 Infra", "2 Infra", "{38CA6344-605C-4B35-A59C-A9AD1E3116A6}"
EndProject
Project("{2150E333-8FDC-42A3-9474-1A3956D46DE8}") = "4 Business", "4 Business", "{448B75C2-4DFF-4BDA-A302-B568FE305B56}"
EndProject
Project("{2150E333-8FDC-42A3-9474-1A3956D46DE8}") = "6 Services", "6 Services", "{33387326-2F4C-4ED5-B8E0-AD3D42E95352}"
EndProject
Project("{2150E333-8FDC-42A3-9474-1A3956D46DE8}") = "8 Presentation", "8 Presentation", "{E73B267D-E851-495C-83D8-BD323F9FB62D}"
EndProject
Project("{9A19103F-16F7-4668-BE54-9A1E7A4F7556}") = "Blog.Business.Components", "Blog.Business.Components\Blog.Business.Components.csproj", "{8B8C6390-732D-4124-AB31-DF9F1EE20CF1}"
EndProject
Project("{9A19103F-16F7-4668-BE54-9A1E7A4F7556}") = "Blog.Caching", "Blog.Caching\Blog.Caching.csproj", "{42E51378-8E0F-406E-8688-0185C59AD02E}"
EndProject
Project("{9A19103F-16F7-4668-BE54-9A1E7A4F7556}") = "Blog.Data", "Blog.Data\Blog.Data.csproj", "{D494C891-82D4-4224-8656-E7ACCE2BCD9A}"
EndProject
Project("{9A19103F-16F7-4668-BE54-9A1E7A4F7556}") = "Blog.Business", "Blog.Business\Blog.Business.csproj", "{77385A92-255D-4F6B-A415-1BB1857866D0}"
EndProject
Project("{9A19103F-16F7-4668-BE54-9A1E7A4F7556}") = "Blog.Data.Components", "Blog.Data.Components\Blog.Data.Components.csproj", "{CFEBA373-A404-4586-830A-6A0C0407DE66}"
EndProject
Project("{9A19103F-16F7-4668-BE54-9A1E7A4F7556}") = "Blog.Data.IoC", "Blog.Data.IoC\Blog.Data.IoC.csproj", "{0D6B80DE-C64C-4E25-968A-80DC375A24E3}"
EndProject
Project("{9A19103F-16F7-4668-BE54-9A1E7A4F7556}") = "Blog.Business.IoC", "Blog.Business.IoC\Blog.Business.IoC.csproj", "{34DB4066-E4EA-4FEF-9BAA-769FFE189986}"
EndProject
Project("{9A19103F-16F7-4668-BE54-9A1E7A4F7556}") = "Blog.WebApi", "Blog.WebApi\Blog.WebApi.csproj", "{37B3C901-F990-4A87-AEE4-8DA5D172040A}"
EndProject
Global
	GlobalSection(SolutionConfigurationPlatforms) = preSolution
		Debug|Any CPU = Debug|Any CPU
		Release|Any CPU = Release|Any CPU
	EndGlobalSection
	GlobalSection(ProjectConfigurationPlatforms) = postSolution
		{8B8C6390-732D-4124-AB31-DF9F1EE20CF1}.Debug|Any CPU.ActiveCfg = Debug|Any CPU
		{8B8C6390-732D-4124-AB31-DF9F1EE20CF1}.Debug|Any CPU.Build.0 = Debug|Any CPU
		{8B8C6390-732D-4124-AB31-DF9F1EE20CF1}.Release|Any CPU.ActiveCfg = Release|Any CPU
		{8B8C6390-732D-4124-AB31-DF9F1EE20CF1}.Release|Any CPU.Build.0 = Release|Any CPU
		{42E51378-8E0F-406E-8688-0185C59AD02E}.Debug|Any CPU.ActiveCfg = Debug|Any CPU
		{42E51378-8E0F-406E-8688-0185C59AD02E}.Debug|Any CPU.Build.0 = Debug|Any CPU
		{42E51378-8E0F-406E-8688-0185C59AD02E}.Release|Any CPU.ActiveCfg = Release|Any CPU
		{42E51378-8E0F-406E-8688-0185C59AD02E}.Release|Any CPU.Build.0 = Release|Any CPU
		{D494C891-82D4-4224-8656-E7ACCE2BCD9A}.Debug|Any CPU.ActiveCfg = Debug|Any CPU
		{D494C891-82D4-4224-8656-E7ACCE2BCD9A}.Debug|Any CPU.Build.0 = Debug|Any CPU
		{D494C891-82D4-4224-8656-E7ACCE2BCD9A}.Release|Any CPU.ActiveCfg = Release|Any CPU
		{D494C891-82D4-4224-8656-E7ACCE2BCD9A}.Release|Any CPU.Build.0 = Release|Any CPU
		{77385A92-255D-4F6B-A415-1BB1857866D0}.Debug|Any CPU.ActiveCfg = Debug|Any CPU
		{77385A92-255D-4F6B-A415-1BB1857866D0}.Debug|Any CPU.Build.0 = Debug|Any CPU
		{77385A92-255D-4F6B-A415-1BB1857866D0}.Release|Any CPU.ActiveCfg = Release|Any CPU
		{77385A92-255D-4F6B-A415-1BB1857866D0}.Release|Any CPU.Build.0 = Release|Any CPU
		{CFEBA373-A404-4586-830A-6A0C0407DE66}.Debug|Any CPU.ActiveCfg = Debug|Any CPU
		{CFEBA373-A404-4586-830A-6A0C0407DE66}.Debug|Any CPU.Build.0 = Debug|Any CPU
		{CFEBA373-A404-4586-830A-6A0C0407DE66}.Release|Any CPU.ActiveCfg = Release|Any CPU
		{CFEBA373-A404-4586-830A-6A0C0407DE66}.Release|Any CPU.Build.0 = Release|Any CPU
		{0D6B80DE-C64C-4E25-968A-80DC375A24E3}.Debug|Any CPU.ActiveCfg = Debug|Any CPU
		{0D6B80DE-C64C-4E25-968A-80DC375A24E3}.Debug|Any CPU.Build.0 = Debug|Any CPU
		{0D6B80DE-C64C-4E25-968A-80DC375A24E3}.Release|Any CPU.ActiveCfg = Release|Any CPU
		{0D6B80DE-C64C-4E25-968A-80DC375A24E3}.Release|Any CPU.Build.0 = Release|Any CPU
		{34DB4066-E4EA-4FEF-9BAA-769FFE189986}.Debug|Any CPU.ActiveCfg = Debug|Any CPU
		{34DB4066-E4EA-4FEF-9BAA-769FFE189986}.Debug|Any CPU.Build.0 = Debug|Any CPU
		{34DB4066-E4EA-4FEF-9BAA-769FFE189986}.Release|Any CPU.ActiveCfg = Release|Any CPU
		{34DB4066-E4EA-4FEF-9BAA-769FFE189986}.Release|Any CPU.Build.0 = Release|Any CPU
		{37B3C901-F990-4A87-AEE4-8DA5D172040A}.Debug|Any CPU.ActiveCfg = Debug|Any CPU
		{37B3C901-F990-4A87-AEE4-8DA5D172040A}.Debug|Any CPU.Build.0 = Debug|Any CPU
		{37B3C901-F990-4A87-AEE4-8DA5D172040A}.Release|Any CPU.ActiveCfg = Release|Any CPU
		{37B3C901-F990-4A87-AEE4-8DA5D172040A}.Release|Any CPU.Build.0 = Release|Any CPU
	EndGlobalSection
	GlobalSection(SolutionProperties) = preSolution
		HideSolutionNode = FALSE
	EndGlobalSection
	GlobalSection(NestedProjects) = preSolution
		{8B8C6390-732D-4124-AB31-DF9F1EE20CF1} = {448B75C2-4DFF-4BDA-A302-B568FE305B56}
		{42E51378-8E0F-406E-8688-0185C59AD02E} = {CC160BF7-C533-4F6C-83DD-713FFE389D06}
		{D494C891-82D4-4224-8656-E7ACCE2BCD9A} = {38CA6344-605C-4B35-A59C-A9AD1E3116A6}
		{77385A92-255D-4F6B-A415-1BB1857866D0} = {448B75C2-4DFF-4BDA-A302-B568FE305B56}
		{CFEBA373-A404-4586-830A-6A0C0407DE66} = {38CA6344-605C-4B35-A59C-A9AD1E3116A6}
		{0D6B80DE-C64C-4E25-968A-80DC375A24E3} = {38CA6344-605C-4B35-A59C-A9AD1E3116A6}
		{34DB4066-E4EA-4FEF-9BAA-769FFE189986} = {448B75C2-4DFF-4BDA-A302-B568FE305B56}
		{37B3C901-F990-4A87-AEE4-8DA5D172040A} = {33387326-2F4C-4ED5-B8E0-AD3D42E95352}
	EndGlobalSection
	GlobalSection(ExtensibilityGlobals) = postSolution
		SolutionGuid = {56DA49BE-5783-4902-AF64-3DBB7E21DB8E}
	EndGlobalSection
EndGlobal
